
Microsoft Visual Studio Solution File, Format Version 12.00
# Visual Studio Version 16
VisualStudioVersion = 16.0.32106.194
MinimumVisualStudioVersion = 10.0.40219.1
Project("{FAE04EC0-301F-11D3-BF4B-00C04F79EFBC}") = "POOConceptos", "POOConceptos\POOConceptos.csproj", "{DBCDB87A-4A38-4B5F-853E-550E27F53800}"
EndProject
Global
	GlobalSection(SolutionConfigurationPlatforms) = preSolution
		Debug|Any CPU = Debug|Any CPU
		Release|Any CPU = Release|Any CPU
	EndGlobalSection
	GlobalSection(ProjectConfigurationPlatforms) = postSolution
		{DBCDB87A-4A38-4B5F-853E-550E27F53800}.Debug|Any CPU.ActiveCfg = Debug|Any CPU
		{DBCDB87A-4A38-4B5F-853E-550E27F53800}.Debug|Any CPU.Build.0 = Debug|Any CPU
		{DBCDB87A-4A38-4B5F-853E-550E27F53800}.Release|Any CPU.ActiveCfg = Release|Any CPU
		{DBCDB87A-4A38-4B5F-853E-550E27F53800}.Release|Any CPU.Build.0 = Release|Any CPU
	EndGlobalSection
	GlobalSection(SolutionProperties) = preSolution
		HideSolutionNode = FALSE
	EndGlobalSection
	GlobalSection(ExtensibilityGlobals) = postSolution
		SolutionGuid = {4DD139A3-6DD7-442B-A3AD-50636272185C}
	EndGlobalSection
EndGlobal
